
Microsoft Visual Studio Solution File, Format Version 12.00
# Visual Studio Version 17
VisualStudioVersion = 17.2.32516.85
MinimumVisualStudioVersion = 10.0.40219.1
Project("{9A19103F-16F7-4668-BE54-9A1E7A4F7556}") = "Task1", "Task1\Task1.csproj", "{BBFF5784-0035-4DA0-9904-8033BC4FB869}"
EndProject
Project("{FAE04EC0-301F-11D3-BF4B-00C04F79EFBC}") = "Task2", "Task2\Task2.csproj", "{73EA4CBD-7609-4E01-8216-1214009A0C7F}"
EndProject
Global
	GlobalSection(SolutionConfigurationPlatforms) = preSolution
		Debug|Any CPU = Debug|Any CPU
		Release|Any CPU = Release|Any CPU
	EndGlobalSection
	GlobalSection(ProjectConfigurationPlatforms) = postSolution
		{BBFF5784-0035-4DA0-9904-8033BC4FB869}.Debug|Any CPU.ActiveCfg = Debug|Any CPU
		{BBFF5784-0035-4DA0-9904-8033BC4FB869}.Debug|Any CPU.Build.0 = Debug|Any CPU
		{BBFF5784-0035-4DA0-9904-8033BC4FB869}.Release|Any CPU.ActiveCfg = Release|Any CPU
		{BBFF5784-0035-4DA0-9904-8033BC4FB869}.Release|Any CPU.Build.0 = Release|Any CPU
		{73EA4CBD-7609-4E01-8216-1214009A0C7F}.Debug|Any CPU.ActiveCfg = Debug|Any CPU
		{73EA4CBD-7609-4E01-8216-1214009A0C7F}.Debug|Any CPU.Build.0 = Debug|Any CPU
		{73EA4CBD-7609-4E01-8216-1214009A0C7F}.Release|Any CPU.ActiveCfg = Release|Any CPU
		{73EA4CBD-7609-4E01-8216-1214009A0C7F}.Release|Any CPU.Build.0 = Release|Any CPU
	EndGlobalSection
	GlobalSection(SolutionProperties) = preSolution
		HideSolutionNode = FALSE
	EndGlobalSection
	GlobalSection(ExtensibilityGlobals) = postSolution
		SolutionGuid = {0FBF05C1-DD23-4D10-B052-F10D366CA0C5}
	EndGlobalSection
EndGlobal
